# This file was autogenerated by Stack.
# You should not edit this file by hand.
# For more information, please see the documentation at:
#   https://docs.haskellstack.org/en/stable/lock_files

packages:
- completed:
    cabal-file:
      size: 2208
      sha256: 48f6e03d8f812bd24e2601497ffe9c8a78907fa2266ba05abeefdfe99221617d
    name: ldap-client
    version: 0.4.0
    git: https://github.com/glatteis/ldap-client/
    pantry-tree:
      size: 6070
      sha256: d5671a9418792562e4bebf828023637fd97df7291345ee6f1caefa7544e0b844
    commit: e1dc2e1ce9bb3b98bfc8b3b314c4255aa6821c75
  original:
    git: https://github.com/glatteis/ldap-client/
    commit: e1dc2e1ce9bb3b98bfc8b3b314c4255aa6821c75
snapshots:
- completed:
    size: 488576
    url: https://raw.githubusercontent.com/commercialhaskell/stackage-snapshots/master/lts/15/0.yaml
    sha256: e4b6a87b47ec1cf63a7f1a0884a3b276fce2b0d174a10e8753c4f618e7983568
  original: lts-15.0
